
Microsoft Visual Studio Solution File, Format Version 12.00
# Visual Studio Version 16
VisualStudioVersion = 16.0.30011.22
MinimumVisualStudioVersion = 10.0.40219.1
Project("{FAE04EC0-301F-11D3-BF4B-00C04F79EFBC}") = "xamarin tictactoe.Android", "xamarin tictactoe\xamarin tictactoe.Android\xamarin tictactoe.Android.csproj", "{FAD8D810-DE0A-4D49-AEC1-2363B9D7E020}"
EndProject
Project("{FAE04EC0-301F-11D3-BF4B-00C04F79EFBC}") = "xamarin tictactoe", "xamarin tictactoe\xamarin tictactoe\xamarin tictactoe.csproj", "{AC432FAB-891F-4E2B-9746-EB9626EA32AB}"
EndProject
Global
	GlobalSection(SolutionConfigurationPlatforms) = preSolution
		Debug|Any CPU = Debug|Any CPU
		Release|Any CPU = Release|Any CPU
	EndGlobalSection
	GlobalSection(ProjectConfigurationPlatforms) = postSolution
		{FAD8D810-DE0A-4D49-AEC1-2363B9D7E020}.Debug|Any CPU.ActiveCfg = Debug|Any CPU
		{FAD8D810-DE0A-4D49-AEC1-2363B9D7E020}.Debug|Any CPU.Build.0 = Debug|Any CPU
		{FAD8D810-DE0A-4D49-AEC1-2363B9D7E020}.Debug|Any CPU.Deploy.0 = Debug|Any CPU
		{FAD8D810-DE0A-4D49-AEC1-2363B9D7E020}.Release|Any CPU.ActiveCfg = Release|Any CPU
		{FAD8D810-DE0A-4D49-AEC1-2363B9D7E020}.Release|Any CPU.Build.0 = Release|Any CPU
		{FAD8D810-DE0A-4D49-AEC1-2363B9D7E020}.Release|Any CPU.Deploy.0 = Release|Any CPU
		{AC432FAB-891F-4E2B-9746-EB9626EA32AB}.Debug|Any CPU.ActiveCfg = Debug|Any CPU
		{AC432FAB-891F-4E2B-9746-EB9626EA32AB}.Debug|Any CPU.Build.0 = Debug|Any CPU
		{AC432FAB-891F-4E2B-9746-EB9626EA32AB}.Debug|Any CPU.Deploy.0 = Debug|Any CPU
		{AC432FAB-891F-4E2B-9746-EB9626EA32AB}.Release|Any CPU.ActiveCfg = Release|Any CPU
		{AC432FAB-891F-4E2B-9746-EB9626EA32AB}.Release|Any CPU.Build.0 = Release|Any CPU
		{AC432FAB-891F-4E2B-9746-EB9626EA32AB}.Release|Any CPU.Deploy.0 = Release|Any CPU
	EndGlobalSection
	GlobalSection(SolutionProperties) = preSolution
		HideSolutionNode = FALSE
	EndGlobalSection
	GlobalSection(ExtensibilityGlobals) = postSolution
		SolutionGuid = {1901A6DC-4F7A-4554-86E8-22B3A1E348FA}
	EndGlobalSection
EndGlobal
